
Microsoft Visual Studio Solution File, Format Version 12.00
# Visual Studio Version 17
VisualStudioVersion = 17.8.34316.72
MinimumVisualStudioVersion = 10.0.40219.1
Project("{FAE04EC0-301F-11D3-BF4B-00C04F79EFBC}") = "Base64Spike", "Base64Spike\Base64Spike.csproj", "{7D47C70A-3773-4BCF-814A-44A4D1ED86B4}"
EndProject
Project("{FAE04EC0-301F-11D3-BF4B-00C04F79EFBC}") = "Base64Spike.Tests", "Base64Spike.Tests\Base64Spike.Tests.csproj", "{16015A64-0597-4501-A99D-EE5266882939}"
EndProject
Global
	GlobalSection(SolutionConfigurationPlatforms) = preSolution
		Debug|Any CPU = Debug|Any CPU
		Release|Any CPU = Release|Any CPU
	EndGlobalSection
	GlobalSection(ProjectConfigurationPlatforms) = postSolution
		{7D47C70A-3773-4BCF-814A-44A4D1ED86B4}.Debug|Any CPU.ActiveCfg = Debug|Any CPU
		{7D47C70A-3773-4BCF-814A-44A4D1ED86B4}.Debug|Any CPU.Build.0 = Debug|Any CPU
		{7D47C70A-3773-4BCF-814A-44A4D1ED86B4}.Release|Any CPU.ActiveCfg = Release|Any CPU
		{7D47C70A-3773-4BCF-814A-44A4D1ED86B4}.Release|Any CPU.Build.0 = Release|Any CPU
		{16015A64-0597-4501-A99D-EE5266882939}.Debug|Any CPU.ActiveCfg = Debug|Any CPU
		{16015A64-0597-4501-A99D-EE5266882939}.Debug|Any CPU.Build.0 = Debug|Any CPU
		{16015A64-0597-4501-A99D-EE5266882939}.Release|Any CPU.ActiveCfg = Release|Any CPU
		{16015A64-0597-4501-A99D-EE5266882939}.Release|Any CPU.Build.0 = Release|Any CPU
	EndGlobalSection
	GlobalSection(SolutionProperties) = preSolution
		HideSolutionNode = FALSE
	EndGlobalSection
	GlobalSection(ExtensibilityGlobals) = postSolution
		SolutionGuid = {200906DE-4566-42D7-8291-5287F03A8824}
	EndGlobalSection
EndGlobal
